<?xml version="1.0" encoding="utf-8"?>
<Project ToolsVersion="4.0" xmlns="http://schemas.microsoft.com/developer/msbuild/2003">
  <ItemGroup>
    <Filter Include="Source Files">
      <UniqueIdentifier>{4FC737F1-C7A5-4376-A066-2A32D752A2FF}</UniqueIdentifier>
      <Extensions>cpp;c;cc;cxx;def;odl;idl;hpj;bat;asm;asmx</Extensions>
    </Filter>
    <Filter Include="Header Files">
      <UniqueIdentifier>{93995380-89BD-4b04-88EB-625FBE52EBFB}</UniqueIdentifier>
      <Extensions>h;hh;hpp;hxx;hm;inl;inc;xsd</Extensions>
    </Filter>
    <Filter Include="Resource Files">
      <UniqueIdentifier>{67DA6AB6-F800-4c08-8B7A-83BB121AAD01}</UniqueIdentifier>
      <Extensions>rc;ico;cur;bmp;dlg;rc2;rct;bin;rgs;gif;jpg;jpeg;jpe;resx;tiff;tif;png;wav;mfcribbon-ms</Extensions>
    </Filter>
    <Filter Include="Header Files\PieceMoves">
      <UniqueIdentifier>{4e57d18d-4a1b-4936-b9dd-959255ac4c80}</UniqueIdentifier>
    </Filter>
    <Filter Include="Source Files\PieceMoves">
      <UniqueIdentifier>{432b4efb-f9e5-48be-bdbb-5cd5273b6c7f}</UniqueIdentifier>
    </Filter>
    <Filter Include="Header Files\KingCheckStatus">
      <UniqueIdentifier>{944f9452-43c1-40da-a086-e28f906f2fa1}</UniqueIdentifier>
    </Filter>
    <Filter Include="Source Files\KingCheckStatus">
      <UniqueIdentifier>{22086b8b-3870-47ae-893b-2f0cd859250f}</UniqueIdentifier>
    </Filter>
  </ItemGroup>
  <ItemGroup>
    <ClInclude Include="stdafx.h">
      <Filter>Header Files</Filter>
    </ClInclude>
    <ClInclude Include="targetver.h">
      <Filter>Header Files</Filter>
    </ClInclude>
    <ClInclude Include="ChessState.h">
      <Filter>Header Files</Filter>
    </ClInclude>
    <ClInclude Include="AlphaBetaSearch.h">
      <Filter>Header Files</Filter>
    </ClInclude>
    <ClInclude Include="ChessRules.h">
      <Filter>Header Files</Filter>
    </ClInclude>
    <ClInclude Include="AutoChess.h">
      <Filter>Header Files</Filter>
    </ClInclude>
    <ClInclude Include="ChessMove.h">
      <Filter>Header Files</Filter>
    </ClInclude>
    <ClInclude Include="constAutoChess.h">
      <Filter>Header Files</Filter>
    </ClInclude>
    <ClInclude Include="RookMoves.h">
      <Filter>Header Files\PieceMoves</Filter>
    </ClInclude>
    <ClInclude Include="PawnMoves.h">
      <Filter>Header Files\PieceMoves</Filter>
    </ClInclude>
    <ClInclude Include="BishopMoves.h">
      <Filter>Header Files\PieceMoves</Filter>
    </ClInclude>
    <ClInclude Include="KingMoves.h">
      <Filter>Header Files\PieceMoves</Filter>
    </ClInclude>
    <ClInclude Include="KnightMoves.h">
      <Filter>Header Files\PieceMoves</Filter>
    </ClInclude>
    <ClInclude Include="QueenMoves.h">
      <Filter>Header Files\PieceMoves</Filter>
    </ClInclude>
    <ClInclude Include="BlackKingCheckStatus.h">
      <Filter>Header Files\KingCheckStatus</Filter>
    </ClInclude>
    <ClInclude Include="WhiteKingCheckStatus.h">
      <Filter>Header Files\KingCheckStatus</Filter>
    </ClInclude>
  </ItemGroup>
  <ItemGroup>
    <ClCompile Include="stdafx.cpp">
      <Filter>Source Files</Filter>
    </ClCompile>
    <ClCompile Include="dllmain.cpp">
      <Filter>Source Files</Filter>
    </ClCompile>
    <ClCompile Include="ChessState.cpp">
      <Filter>Source Files</Filter>
    </ClCompile>
    <ClCompile Include="AlphaBetaSearch.cpp">
      <Filter>Source Files</Filter>
    </ClCompile>
    <ClCompile Include="ChessRules.cpp">
      <Filter>Source Files</Filter>
    </ClCompile>
    <ClCompile Include="AutoBetaChess.cpp">
      <Filter>Source Files</Filter>
    </ClCompile>
    <ClCompile Include="PawnMoves.cpp">
      <Filter>Source Files\PieceMoves</Filter>
    </ClCompile>
    <ClCompile Include="RookMoves.cpp">
      <Filter>Source Files\PieceMoves</Filter>
    </ClCompile>
    <ClCompile Include="BishopMoves.cpp">
      <Filter>Source Files\PieceMoves</Filter>
    </ClCompile>
    <ClCompile Include="KingMoves.cpp">
      <Filter>Source Files\PieceMoves</Filter>
    </ClCompile>
    <ClCompile Include="KnightMoves.cpp">
      <Filter>Source Files\PieceMoves</Filter>
    </ClCompile>
    <ClCompile Include="QueenMoves.cpp">
      <Filter>Source Files\PieceMoves</Filter>
    </ClCompile>
    <ClCompile Include="BlackKingCheckStatus.cpp">
      <Filter>Source Files\KingCheckStatus</Filter>
    </ClCompile>
    <ClCompile Include="WhiteKingCheckStatus.cpp">
      <Filter>Source Files\KingCheckStatus</Filter>
    </ClCompile>
  </ItemGroup>
  <ItemGroup>
    <Text Include="Log.txt">
      <Filter>Resource Files</Filter>
    </Text>
  </ItemGroup>
</Project>